
Microsoft Visual Studio Solution File, Format Version 12.00
# Visual Studio Version 17
VisualStudioVersion = 17.13.35818.85 d17.13
MinimumVisualStudioVersion = 10.0.40219.1
Project("{FAE04EC0-301F-11D3-BF4B-00C04F79EFBC}") = "LetItSnowApp", "..\LetItSnowApp\LetItSnowApp.csproj", "{CA46EEF5-316C-D8FF-EF13-609DE73CA258}"
EndProject
Project("{FAE04EC0-301F-11D3-BF4B-00C04F79EFBC}") = "LetItSnowAPI", "..\LetItSnowAPI\LetItSnowAPI.csproj", "{E0510B23-1A84-A937-1C3F-7F58E59C546C}"
EndProject
Global
	GlobalSection(SolutionConfigurationPlatforms) = preSolution
		Debug|Any CPU = Debug|Any CPU
		Release|Any CPU = Release|Any CPU
	EndGlobalSection
	GlobalSection(ProjectConfigurationPlatforms) = postSolution
		{CA46EEF5-316C-D8FF-EF13-609DE73CA258}.Debug|Any CPU.ActiveCfg = Debug|Any CPU
		{CA46EEF5-316C-D8FF-EF13-609DE73CA258}.Debug|Any CPU.Build.0 = Debug|Any CPU
		{CA46EEF5-316C-D8FF-EF13-609DE73CA258}.Release|Any CPU.ActiveCfg = Release|Any CPU
		{CA46EEF5-316C-D8FF-EF13-609DE73CA258}.Release|Any CPU.Build.0 = Release|Any CPU
		{E0510B23-1A84-A937-1C3F-7F58E59C546C}.Debug|Any CPU.ActiveCfg = Debug|Any CPU
		{E0510B23-1A84-A937-1C3F-7F58E59C546C}.Debug|Any CPU.Build.0 = Debug|Any CPU
		{E0510B23-1A84-A937-1C3F-7F58E59C546C}.Release|Any CPU.ActiveCfg = Release|Any CPU
		{E0510B23-1A84-A937-1C3F-7F58E59C546C}.Release|Any CPU.Build.0 = Release|Any CPU
	EndGlobalSection
	GlobalSection(SolutionProperties) = preSolution
		HideSolutionNode = FALSE
	EndGlobalSection
	GlobalSection(ExtensibilityGlobals) = postSolution
		SolutionGuid = {2832C734-EC84-4C51-88CC-26A3CCD75113}
	EndGlobalSection
EndGlobal
